
Microsoft Visual Studio Solution File, Format Version 10.00
# Visual C# Express 2008
Project("{FAE04EC0-301F-11D3-BF4B-00C04F79EFBC}") = "Project1", "Project1\Project1.csproj", "{12E73002-0833-40CE-8E66-EEEB6EAD035C}"
EndProject
Global
	GlobalSection(SolutionConfigurationPlatforms) = preSolution
		Debug|Any CPU = Debug|Any CPU
		Release|Any CPU = Release|Any CPU
	EndGlobalSection
	GlobalSection(ProjectConfigurationPlatforms) = postSolution
		{12E73002-0833-40CE-8E66-EEEB6EAD035C}.Debug|Any CPU.ActiveCfg = Debug|Any CPU
		{12E73002-0833-40CE-8E66-EEEB6EAD035C}.Debug|Any CPU.Build.0 = Debug|Any CPU
		{12E73002-0833-40CE-8E66-EEEB6EAD035C}.Release|Any CPU.ActiveCfg = Release|Any CPU
		{12E73002-0833-40CE-8E66-EEEB6EAD035C}.Release|Any CPU.Build.0 = Release|Any CPU
	EndGlobalSection
	GlobalSection(SolutionProperties) = preSolution
		HideSolutionNode = FALSE
	EndGlobalSection
EndGlobal
